<Solution>
  <Project Path="Exercise1/Exercise1.csproj" />
  <Project Path="Exercise2/Exercise2.csproj" />
  <Project Path="Exercise3/Exercise3.csproj" />
  <Project Path="Exercise4/Exercise4.csproj" />
  <Project Path="Exercise5/Exercise5.csproj" Id="f0df6e7b-45f8-492c-a5d1-07f138f344ed" />
</Solution>
